<?xml version="1.0" encoding="utf-8"?>
<Project ToolsVersion="4.0" xmlns="http://schemas.microsoft.com/developer/msbuild/2003">
  <ItemGroup>
    <Filter Include="Long">
      <UniqueIdentifier>{15A3887C-01DA-890D-AAC6-6F1096DC050F}</UniqueIdentifier>
    </Filter>
    <Filter Include="Long\Events">
      <UniqueIdentifier>{5965EF2A-C51A-6820-4E0F-62F7BAC35E24}</UniqueIdentifier>
    </Filter>
    <Filter Include="Long\Platform">
      <UniqueIdentifier>{09277CC0-75E7-F7F6-3E22-4174AAA13CD3}</UniqueIdentifier>
    </Filter>
    <Filter Include="Long\Platform\Windows">
      <UniqueIdentifier>{43CA2010-AF36-DC0A-782A-7468E455FE72}</UniqueIdentifier>
    </Filter>
    <Filter Include="Long\ImGui">
      <UniqueIdentifier>{ab086003-f28d-4475-acb2-f09b07f33403}</UniqueIdentifier>
    </Filter>
    <Filter Include="Long\Platform\OpenGL">
      <UniqueIdentifier>{982ae04d-3623-4c36-b20a-9ad7c5611d85}</UniqueIdentifier>
    </Filter>
  </ItemGroup>
  <ItemGroup>
    <ClInclude Include="src\Long.h" />
    <ClInclude Include="src\Long\Application.h">
      <Filter>Long</Filter>
    </ClInclude>
    <ClInclude Include="src\Long\Core.h">
      <Filter>Long</Filter>
    </ClInclude>
    <ClInclude Include="src\Long\EntryPoint.h">
      <Filter>Long</Filter>
    </ClInclude>
    <ClInclude Include="src\Long\Events\ApplicationEvent.h">
      <Filter>Long\Events</Filter>
    </ClInclude>
    <ClInclude Include="src\Long\Events\Event.h">
      <Filter>Long\Events</Filter>
    </ClInclude>
    <ClInclude Include="src\Long\Events\KeyEvent.h">
      <Filter>Long\Events</Filter>
    </ClInclude>
    <ClInclude Include="src\Long\Events\MouseEvent.h">
      <Filter>Long\Events</Filter>
    </ClInclude>
    <ClInclude Include="src\Long\Layer.h">
      <Filter>Long</Filter>
    </ClInclude>
    <ClInclude Include="src\Long\LayerStack.h">
      <Filter>Long</Filter>
    </ClInclude>
    <ClInclude Include="src\Long\Log.h">
      <Filter>Long</Filter>
    </ClInclude>
    <ClInclude Include="src\Long\Platform\Windows\WindowsWindow.h">
      <Filter>Long\Platform\Windows</Filter>
    </ClInclude>
    <ClInclude Include="src\Long\Window.h">
      <Filter>Long</Filter>
    </ClInclude>
    <ClInclude Include="src\Longpch.h" />
    <ClInclude Include="vendor\imgui\examples\imgui_impl_opengl3.h">
      <Filter>Long\Platform\OpenGL</Filter>
    </ClInclude>
    <ClInclude Include="ImGuiLayer.h">
      <Filter>Long\ImGui</Filter>
    </ClInclude>
  </ItemGroup>
  <ItemGroup>
    <ClCompile Include="src\Long\Application.cpp">
      <Filter>Long</Filter>
    </ClCompile>
    <ClCompile Include="src\Long\Layer.cpp">
      <Filter>Long</Filter>
    </ClCompile>
    <ClCompile Include="src\Long\LayerStack.cpp">
      <Filter>Long</Filter>
    </ClCompile>
    <ClCompile Include="src\Long\Log.cpp">
      <Filter>Long</Filter>
    </ClCompile>
    <ClCompile Include="src\Long\Platform\Windows\WindowsWindow.cpp">
      <Filter>Long\Platform\Windows</Filter>
    </ClCompile>
    <ClCompile Include="src\Longpch.cpp" />
    <ClCompile Include="vendor\imgui\examples\imgui_impl_opengl3.cpp">
      <Filter>Long\Platform\OpenGL</Filter>
    </ClCompile>
    <ClCompile Include="ImGuiLayer.cpp">
      <Filter>Long\ImGui</Filter>
    </ClCompile>
  </ItemGroup>
</Project>